
Microsoft Visual Studio Solution File, Format Version 12.00
# Visual Studio Version 17
VisualStudioVersion = 17.4.33205.214
MinimumVisualStudioVersion = 10.0.40219.1
Project("{FAE04EC0-301F-11D3-BF4B-00C04F79EFBC}") = "whatisinterface", "whatisinterface\whatisinterface.csproj", "{D46DE815-3A82-48FE-A059-676AC1E94CB0}"
EndProject
Global
	GlobalSection(SolutionConfigurationPlatforms) = preSolution
		Debug|Any CPU = Debug|Any CPU
		Release|Any CPU = Release|Any CPU
	EndGlobalSection
	GlobalSection(ProjectConfigurationPlatforms) = postSolution
		{D46DE815-3A82-48FE-A059-676AC1E94CB0}.Debug|Any CPU.ActiveCfg = Debug|Any CPU
		{D46DE815-3A82-48FE-A059-676AC1E94CB0}.Debug|Any CPU.Build.0 = Debug|Any CPU
		{D46DE815-3A82-48FE-A059-676AC1E94CB0}.Release|Any CPU.ActiveCfg = Release|Any CPU
		{D46DE815-3A82-48FE-A059-676AC1E94CB0}.Release|Any CPU.Build.0 = Release|Any CPU
	EndGlobalSection
	GlobalSection(SolutionProperties) = preSolution
		HideSolutionNode = FALSE
	EndGlobalSection
	GlobalSection(ExtensibilityGlobals) = postSolution
		SolutionGuid = {CCA428A6-3D18-4FC4-A35D-7B3CEC65FFE8}
	EndGlobalSection
EndGlobal
