
Microsoft Visual Studio Solution File, Format Version 12.00
# Visual Studio Version 17
VisualStudioVersion = 17.4.33205.214
MinimumVisualStudioVersion = 10.0.40219.1
Project("{FAE04EC0-301F-11D3-BF4B-00C04F79EFBC}") = "whatisarray", "whatisarray\whatisarray.csproj", "{327E29FB-1749-4AA2-8881-BE7FFA43EB98}"
EndProject
Global
	GlobalSection(SolutionConfigurationPlatforms) = preSolution
		Debug|Any CPU = Debug|Any CPU
		Release|Any CPU = Release|Any CPU
	EndGlobalSection
	GlobalSection(ProjectConfigurationPlatforms) = postSolution
		{327E29FB-1749-4AA2-8881-BE7FFA43EB98}.Debug|Any CPU.ActiveCfg = Debug|Any CPU
		{327E29FB-1749-4AA2-8881-BE7FFA43EB98}.Debug|Any CPU.Build.0 = Debug|Any CPU
		{327E29FB-1749-4AA2-8881-BE7FFA43EB98}.Release|Any CPU.ActiveCfg = Release|Any CPU
		{327E29FB-1749-4AA2-8881-BE7FFA43EB98}.Release|Any CPU.Build.0 = Release|Any CPU
	EndGlobalSection
	GlobalSection(SolutionProperties) = preSolution
		HideSolutionNode = FALSE
	EndGlobalSection
	GlobalSection(ExtensibilityGlobals) = postSolution
		SolutionGuid = {D9841CCA-D9D7-441C-BF46-A6FB23E27488}
	EndGlobalSection
EndGlobal
